
Microsoft Visual Studio Solution File, Format Version 12.00
# Visual Studio Version 17
VisualStudioVersion = 17.3.32819.101
MinimumVisualStudioVersion = 10.0.40219.1
Project("{FAE04EC0-301F-11D3-BF4B-00C04F79EFBC}") = "GameMagicBall", "GameMagicBall\GameMagicBall.csproj", "{3C95B50A-0829-45C3-B109-3CBD6F7542BA}"
EndProject
Global
	GlobalSection(SolutionConfigurationPlatforms) = preSolution
		Debug|Any CPU = Debug|Any CPU
		Release|Any CPU = Release|Any CPU
	EndGlobalSection
	GlobalSection(ProjectConfigurationPlatforms) = postSolution
		{3C95B50A-0829-45C3-B109-3CBD6F7542BA}.Debug|Any CPU.ActiveCfg = Debug|Any CPU
		{3C95B50A-0829-45C3-B109-3CBD6F7542BA}.Debug|Any CPU.Build.0 = Debug|Any CPU
		{3C95B50A-0829-45C3-B109-3CBD6F7542BA}.Release|Any CPU.ActiveCfg = Release|Any CPU
		{3C95B50A-0829-45C3-B109-3CBD6F7542BA}.Release|Any CPU.Build.0 = Release|Any CPU
	EndGlobalSection
	GlobalSection(SolutionProperties) = preSolution
		HideSolutionNode = FALSE
	EndGlobalSection
	GlobalSection(ExtensibilityGlobals) = postSolution
		SolutionGuid = {C04BD272-A854-4FE0-80E8-747EF6DAF470}
	EndGlobalSection
EndGlobal
